{
  "renv": {
    "Version": "0.7.0-13"
  },
  "R": {
    "Version": "3.6.1",
    "Repositories": [
      {
        "Name": "CRAN",
        "URL": "https://cran.rstudio.com"
      }
    ]
  },
  "Packages": {
    "R6": {
      "Package": "R6",
      "Version": "2.4.0",
      "Source": "CRAN",
      "Hash": "92b50d943a7c76c67918c1e1beb68627"
    },
    "Rcpp": {
      "Package": "Rcpp",
      "Version": "1.0.2",
      "Source": "CRAN",
      "Hash": "c25fa7d5684fa7001ddfea3755243975"
    },
    "assertthat": {
      "Package": "assertthat",
      "Version": "0.2.1",
      "Source": "CRAN",
      "Hash": "19fb3d0ad048b4eb1a05cacffbae1f66"
    },
    "backports": {
      "Package": "backports",
      "Version": "1.1.4",
      "Source": "CRAN",
      "Hash": "2a78bf0825e0088e117520553ceb7fa5"
    },
    "bazar": {
      "Package": "bazar",
      "Version": "1.0.11",
      "Source": "CRAN",
      "Hash": "802161859424b70ad41ec7422c30845c"
    },
    "cellranger": {
      "Package": "cellranger",
      "Version": "1.1.0",
      "Source": "CRAN",
      "Hash": "2cd2a065192f3ba08a919d8800dba7e0"
    },
    "cli": {
      "Package": "cli",
      "Version": "1.1.0",
      "Source": "CRAN",
      "Hash": "9b3dc7798f53ba3050b41ce4a3febdc5"
    },
    "codetools": {
      "Package": "codetools",
      "Version": "0.2-16",
      "Source": "CRAN",
      "Hash": "3bf2a0853d7faf7f865d0b877946e452"
    },
    "crayon": {
      "Package": "crayon",
      "Version": "1.3.4",
      "Source": "CRAN",
      "Hash": "d308ead32010b8e4d76c4690427da50b"
    },
    "digest": {
      "Package": "digest",
      "Version": "0.6.20",
      "Source": "CRAN",
      "Hash": "e90f6670040b5aec92425051fc13ac1c"
    },
    "ellipsis": {
      "Package": "ellipsis",
      "Version": "0.2.0.1",
      "Source": "CRAN",
      "Hash": "a7a9b2ae023bf012744c480d3388c0c8"
    },
    "fansi": {
      "Package": "fansi",
      "Version": "0.4.0",
      "Source": "CRAN",
      "Hash": "cd87b0162287f0da225edfaa2fd3a20c"
    },
    "glue": {
      "Package": "glue",
      "Version": "1.3.1",
      "Source": "CRAN",
      "Hash": "e8436e647719b7c9d01409767cd88cc8"
    },
    "hms": {
      "Package": "hms",
      "Version": "0.5.1",
      "Source": "CRAN",
      "Hash": "5c9cbb0d6f49109be1a771d963801847"
    },
    "kimisc": {
      "Package": "kimisc",
      "Version": "0.4",
      "Source": "CRAN",
      "Hash": "3946666aed50490bfef992e573268a4e"
    },
    "magrittr": {
      "Package": "magrittr",
      "Version": "1.5",
      "Source": "CRAN",
      "Hash": "dee1d97cffddfd3ed969e224bd0826d0"
    },
    "memoise": {
      "Package": "memoise",
      "Version": "1.1.0",
      "Source": "CRAN",
      "Hash": "22ca9b285c10f5dd8c4d1e90231ce558"
    },
    "pillar": {
      "Package": "pillar",
      "Version": "1.4.2",
      "Source": "CRAN",
      "Hash": "57645ff795277554eee14df5bcee8025"
    },
    "pkgconfig": {
      "Package": "pkgconfig",
      "Version": "2.0.2",
      "Source": "CRAN",
      "Hash": "2dd2d8867e4f0173ea2ce029d630a086"
    },
    "plyr": {
      "Package": "plyr",
      "Version": "1.8.4",
      "Source": "CRAN",
      "Hash": "37dd0f3aadee2ac99e47168f4bffddb7"
    },
    "prettyunits": {
      "Package": "prettyunits",
      "Version": "1.0.2",
      "Source": "CRAN",
      "Hash": "33ce93b23647e85c127f8e1bb08604fc"
    },
    "progress": {
      "Package": "progress",
      "Version": "1.2.2",
      "Source": "CRAN",
      "Hash": "e8c47e04650b07d40c3c50a878a4dffa"
    },
    "pryr": {
      "Package": "pryr",
      "Version": "0.1.4",
      "Source": "CRAN",
      "Hash": "72c7a6b374c672148bd89a73a55f54ff"
    },
    "readxl": {
      "Package": "readxl",
      "Version": "1.3.1",
      "Source": "CRAN",
      "Hash": "8a8b4695e87c90cc9423eb8994e76819"
    },
    "rematch": {
      "Package": "rematch",
      "Version": "1.0.1",
      "Source": "CRAN",
      "Hash": "d3d55a556f7f2e74f449d6a53b8abf8e"
    },
    "renv": {
      "Package": "renv",
      "Version": "0.7.0-13",
      "Source": "unknown",
      "Hash": "f4766aff7d65928fbf9a90957c797443"
    },
    "rlang": {
      "Package": "rlang",
      "Version": "0.4.0",
      "Source": "CRAN",
      "Hash": "8f1bf3a54c8844dc254baabba61cb6a9"
    },
    "stringi": {
      "Package": "stringi",
      "Version": "1.4.3",
      "Source": "CRAN",
      "Hash": "113506f116db9dd5bd1caf46884e0647"
    },
    "stringr": {
      "Package": "stringr",
      "Version": "1.4.0",
      "Source": "CRAN",
      "Hash": "41d6310ad18bd019a203d7adc496a28b"
    },
    "tibble": {
      "Package": "tibble",
      "Version": "2.1.3",
      "Source": "CRAN",
      "Hash": "a8d41bd284e21ab7e776d228dc5bac91"
    },
    "utf8": {
      "Package": "utf8",
      "Version": "1.1.4",
      "Source": "CRAN",
      "Hash": "3f1a5a5b184f63379f8e6c08d5036c53"
    },
    "vctrs": {
      "Package": "vctrs",
      "Version": "0.2.0",
      "Source": "CRAN",
      "Hash": "4bdc6a6c4c5a434d880b73817d4ea641"
    },
    "zeallot": {
      "Package": "zeallot",
      "Version": "0.1.0",
      "Source": "CRAN",
      "Hash": "45d65588b02d47970fc84adecb2ee664"
    }
  }
}
